{
  "version": 4,
  "terraform_version": "1.5.7",
  "serial": 3,
  "lineage": "5c3d7010-bad4-ba3d-c282-8a42280f9b33",
  "outputs": {},
  "resources": [
    {
      "mode": "data",
      "type": "azurerm_virtual_network",
      "name": "vnetid",
      "provider": "provider[\"registry.terraform.io/hashicorp/azurerm\"]",
      "instances": [
        {
          "index_key": "vnetpeer1",
          "schema_version": 0,
          "attributes": {
            "address_space": [
              "10.1.0.0/16"
            ],
            "dns_servers": [],
            "guid": "28e48a09-5945-4547-bed2-c47976f331b3",
            "id": "/subscriptions/9864e02d-72a7-4373-8ddd-f7cf57233f42/resourceGroups/rgcode1/providers/Microsoft.Network/virtualNetworks/codevnet2",
            "location": "eastus",
            "name": "codevnet2",
            "resource_group_name": "rgcode1",
            "subnets": [
              "codesubnet3",
              "codesubnet4"
            ],
            "tags": {},
            "timeouts": null,
            "vnet_peerings": {},
            "vnet_peerings_addresses": []
          },
          "sensitive_attributes": []
        },
        {
          "index_key": "vnetpeer2",
          "schema_version": 0,
          "attributes": {
            "address_space": [
              "10.0.0.0/16"
            ],
            "dns_servers": [],
            "guid": "9f2b74aa-75d4-4e26-a605-b22294ecb2cc",
            "id": "/subscriptions/9864e02d-72a7-4373-8ddd-f7cf57233f42/resourceGroups/rgcode/providers/Microsoft.Network/virtualNetworks/codevnet1",
            "location": "eastus",
            "name": "codevnet1",
            "resource_group_name": "rgcode",
            "subnets": [
              "codesunet2",
              "codesunet1"
            ],
            "tags": {},
            "timeouts": null,
            "vnet_peerings": {},
            "vnet_peerings_addresses": []
          },
          "sensitive_attributes": []
        }
      ]
    },
    {
      "mode": "managed",
      "type": "azurerm_virtual_network_peering",
      "name": "peering-vnet",
      "provider": "provider[\"registry.terraform.io/hashicorp/azurerm\"]",
      "instances": [
        {
          "index_key": "vnetpeer1",
          "schema_version": 0,
          "attributes": {
            "allow_forwarded_traffic": false,
            "allow_gateway_transit": false,
            "allow_virtual_network_access": true,
            "id": "/subscriptions/9864e02d-72a7-4373-8ddd-f7cf57233f42/resourceGroups/rgcode/providers/Microsoft.Network/virtualNetworks/codevnet1/virtualNetworkPeerings/vnet1-to-vnet2-peering",
            "name": "vnet1-to-vnet2-peering",
            "remote_virtual_network_id": "/subscriptions/9864e02d-72a7-4373-8ddd-f7cf57233f42/resourceGroups/rgcode1/providers/Microsoft.Network/virtualNetworks/codevnet2",
            "resource_group_name": "rgcode",
            "timeouts": null,
            "triggers": null,
            "use_remote_gateways": false,
            "virtual_network_name": "codevnet1"
          },
          "sensitive_attributes": [],
          "private": "eyJlMmJmYjczMC1lY2FhLTExZTYtOGY4OC0zNDM2M2JjN2M0YzAiOnsiY3JlYXRlIjoxODAwMDAwMDAwMDAwLCJkZWxldGUiOjE4MDAwMDAwMDAwMDAsInJlYWQiOjMwMDAwMDAwMDAwMCwidXBkYXRlIjoxODAwMDAwMDAwMDAwfX0=",
          "dependencies": [
            "data.azurerm_virtual_network.vnetid"
          ]
        },
        {
          "index_key": "vnetpeer2",
          "schema_version": 0,
          "attributes": {
            "allow_forwarded_traffic": false,
            "allow_gateway_transit": false,
            "allow_virtual_network_access": true,
            "id": "/subscriptions/9864e02d-72a7-4373-8ddd-f7cf57233f42/resourceGroups/rgcode1/providers/Microsoft.Network/virtualNetworks/codevnet2/virtualNetworkPeerings/vnet2-to-vnet1-peering",
            "name": "vnet2-to-vnet1-peering",
            "remote_virtual_network_id": "/subscriptions/9864e02d-72a7-4373-8ddd-f7cf57233f42/resourceGroups/rgcode/providers/Microsoft.Network/virtualNetworks/codevnet1",
            "resource_group_name": "rgcode1",
            "timeouts": null,
            "triggers": null,
            "use_remote_gateways": false,
            "virtual_network_name": "codevnet2"
          },
          "sensitive_attributes": [],
          "private": "eyJlMmJmYjczMC1lY2FhLTExZTYtOGY4OC0zNDM2M2JjN2M0YzAiOnsiY3JlYXRlIjoxODAwMDAwMDAwMDAwLCJkZWxldGUiOjE4MDAwMDAwMDAwMDAsInJlYWQiOjMwMDAwMDAwMDAwMCwidXBkYXRlIjoxODAwMDAwMDAwMDAwfX0=",
          "dependencies": [
            "data.azurerm_virtual_network.vnetid"
          ]
        }
      ]
    }
  ],
  "check_results": null
}
