{
  "version": 4,
  "terraform_version": "1.5.7",
  "serial": 1,
  "lineage": "35557843-110a-cddf-2220-1fdcd2bf4c6e",
  "outputs": {},
  "resources": [
    {
      "mode": "managed",
      "type": "azurerm_storage_account",
      "name": "example",
      "provider": "provider[\"registry.terraform.io/hashicorp/azurerm\"]",
      "instances": [
        {
          "schema_version": 4,
          "attributes": {
            "access_tier": "Hot",
            "account_kind": "StorageV2",
            "account_replication_type": "LRS",
            "account_tier": "Standard",
            "allow_nested_items_to_be_public": false,
            "allowed_copy_scope": "",
            "azure_files_authentication": [],
            "blob_properties": [
              {
                "change_feed_enabled": false,
                "change_feed_retention_in_days": 0,
                "container_delete_retention_policy": [],
                "cors_rule": [],
                "default_service_version": "",
                "delete_retention_policy": [],
                "last_access_time_enabled": false,
                "restore_policy": [],
                "versioning_enabled": false
              }
            ],
            "cross_tenant_replication_enabled": false,
            "custom_domain": [],
            "customer_managed_key": [],
            "default_to_oauth_authentication": false,
            "edge_zone": "",
            "enable_https_traffic_only": true,
            "id": "/subscriptions/ecc39a02-b9ec-49e6-8347-da925b758228/resourceGroups/dev-ops-rg/providers/Microsoft.Storage/storageAccounts/devopsstge25081006",
            "identity": [],
            "immutability_policy": [],
            "infrastructure_encryption_enabled": false,
            "is_hns_enabled": false,
            "large_file_share_enabled": null,
            "location": "eastus",
            "min_tls_version": "TLS1_2",
            "name": "devopsstge25081006",
            "network_rules": [
              {
                "bypass": [
                  "AzureServices"
                ],
                "default_action": "Allow",
                "ip_rules": [],
                "private_link_access": [],
                "virtual_network_subnet_ids": []
              }
            ],
            "nfsv3_enabled": false,
            "primary_access_key": "wvjDYQMMQP2rufSf/vD1Q92F63NeI0cz+TO2NFD4Do6sA2oItOIlGo7uuTvxMUiNJMDLbEpJFq4y+AStQ6s8OA==",
            "primary_blob_connection_string": "DefaultEndpointsProtocol=https;BlobEndpoint=https://devopsstge25081006.blob.core.windows.net/;AccountName=devopsstge25081006;AccountKey=wvjDYQMMQP2rufSf/vD1Q92F63NeI0cz+TO2NFD4Do6sA2oItOIlGo7uuTvxMUiNJMDLbEpJFq4y+AStQ6s8OA==",
            "primary_blob_endpoint": "https://devopsstge25081006.blob.core.windows.net/",
            "primary_blob_host": "devopsstge25081006.blob.core.windows.net",
            "primary_connection_string": "DefaultEndpointsProtocol=https;AccountName=devopsstge25081006;AccountKey=wvjDYQMMQP2rufSf/vD1Q92F63NeI0cz+TO2NFD4Do6sA2oItOIlGo7uuTvxMUiNJMDLbEpJFq4y+AStQ6s8OA==;EndpointSuffix=core.windows.net",
            "primary_dfs_endpoint": "https://devopsstge25081006.dfs.core.windows.net/",
            "primary_dfs_host": "devopsstge25081006.dfs.core.windows.net",
            "primary_file_endpoint": "https://devopsstge25081006.file.core.windows.net/",
            "primary_file_host": "devopsstge25081006.file.core.windows.net",
            "primary_location": "eastus",
            "primary_queue_endpoint": "https://devopsstge25081006.queue.core.windows.net/",
            "primary_queue_host": "devopsstge25081006.queue.core.windows.net",
            "primary_table_endpoint": "https://devopsstge25081006.table.core.windows.net/",
            "primary_table_host": "devopsstge25081006.table.core.windows.net",
            "primary_web_endpoint": "https://devopsstge25081006.z13.web.core.windows.net/",
            "primary_web_host": "devopsstge25081006.z13.web.core.windows.net",
            "public_network_access_enabled": true,
            "queue_encryption_key_type": "Account",
            "queue_properties": [
              {
                "cors_rule": [],
                "hour_metrics": [
                  {
                    "enabled": true,
                    "include_apis": true,
                    "retention_policy_days": 7,
                    "version": "1.0"
                  }
                ],
                "logging": [
                  {
                    "delete": false,
                    "read": false,
                    "retention_policy_days": 0,
                    "version": "1.0",
                    "write": false
                  }
                ],
                "minute_metrics": [
                  {
                    "enabled": false,
                    "include_apis": false,
                    "retention_policy_days": 0,
                    "version": "1.0"
                  }
                ]
              }
            ],
            "resource_group_name": "dev-ops-rg",
            "routing": [],
            "sas_policy": [],
            "secondary_access_key": "aEf3gup3dJ7t24cJ05RomPcckQnv3Be6TZnHD9lU+6wgO0vQsLhqdXB+gxbXPqCsWl8aZMy1ro3R+AStRuPT3g==",
            "secondary_blob_connection_string": "",
            "secondary_blob_endpoint": null,
            "secondary_blob_host": null,
            "secondary_connection_string": "DefaultEndpointsProtocol=https;AccountName=devopsstge25081006;AccountKey=aEf3gup3dJ7t24cJ05RomPcckQnv3Be6TZnHD9lU+6wgO0vQsLhqdXB+gxbXPqCsWl8aZMy1ro3R+AStRuPT3g==;EndpointSuffix=core.windows.net",
            "secondary_dfs_endpoint": null,
            "secondary_dfs_host": null,
            "secondary_file_endpoint": null,
            "secondary_file_host": null,
            "secondary_location": "",
            "secondary_queue_endpoint": null,
            "secondary_queue_host": null,
            "secondary_table_endpoint": null,
            "secondary_table_host": null,
            "secondary_web_endpoint": null,
            "secondary_web_host": null,
            "sftp_enabled": false,
            "share_properties": [
              {
                "cors_rule": [],
                "retention_policy": [],
                "smb": []
              }
            ],
            "shared_access_key_enabled": true,
            "static_website": [],
            "table_encryption_key_type": "Account",
            "tags": {
              "import terraform": ""
            },
            "timeouts": null
          },
          "sensitive_attributes": [],
          "private": "eyJlMmJmYjczMC1lY2FhLTExZTYtOGY4OC0zNDM2M2JjN2M0YzAiOnsiY3JlYXRlIjozNjAwMDAwMDAwMDAwLCJkZWxldGUiOjM2MDAwMDAwMDAwMDAsInJlYWQiOjMwMDAwMDAwMDAwMCwidXBkYXRlIjozNjAwMDAwMDAwMDAwfSwic2NoZW1hX3ZlcnNpb24iOiI0In0="
        }
      ]
    }
  ],
  "check_results": null
}
