{
  "version": 4,
  "terraform_version": "1.5.7",
  "serial": 6,
  "lineage": "35ba7a4f-c817-8d45-e9a9-9b49332aeb9c",
  "outputs": {},
  "resources": [
    {
      "mode": "managed",
      "type": "azurerm_virtual_network",
      "name": "example-2",
      "provider": "provider[\"registry.terraform.io/hashicorp/azurerm\"]",
      "instances": [
        {
          "index_key": "vnet1",
          "schema_version": 0,
          "attributes": {
            "address_space": [
              "10.0.0.0/16"
            ],
            "bgp_community": "",
            "ddos_protection_plan": [],
            "dns_servers": [],
            "edge_zone": "",
            "encryption": [],
            "flow_timeout_in_minutes": 0,
            "guid": "9f2b74aa-75d4-4e26-a605-b22294ecb2cc",
            "id": "/subscriptions/9864e02d-72a7-4373-8ddd-f7cf57233f42/resourceGroups/rgcode/providers/Microsoft.Network/virtualNetworks/codevnet1",
            "location": "eastus",
            "name": "codevnet1",
            "resource_group_name": "rgcode",
            "subnet": [
              {
                "address_prefix": "10.0.1.0/24",
                "id": "/subscriptions/9864e02d-72a7-4373-8ddd-f7cf57233f42/resourceGroups/rgcode/providers/Microsoft.Network/virtualNetworks/codevnet1/subnets/codesunet1",
                "name": "codesunet1",
                "security_group": ""
              },
              {
                "address_prefix": "10.0.2.0/24",
                "id": "/subscriptions/9864e02d-72a7-4373-8ddd-f7cf57233f42/resourceGroups/rgcode/providers/Microsoft.Network/virtualNetworks/codevnet1/subnets/codesunet2",
                "name": "codesunet2",
                "security_group": ""
              }
            ],
            "tags": {},
            "timeouts": null
          },
          "sensitive_attributes": [],
          "private": "eyJlMmJmYjczMC1lY2FhLTExZTYtOGY4OC0zNDM2M2JjN2M0YzAiOnsiY3JlYXRlIjoxODAwMDAwMDAwMDAwLCJkZWxldGUiOjE4MDAwMDAwMDAwMDAsInJlYWQiOjMwMDAwMDAwMDAwMCwidXBkYXRlIjoxODAwMDAwMDAwMDAwfX0="
        },
        {
          "index_key": "vnet2",
          "schema_version": 0,
          "attributes": {
            "address_space": [
              "10.1.0.0/16"
            ],
            "bgp_community": "",
            "ddos_protection_plan": [],
            "dns_servers": [],
            "edge_zone": "",
            "encryption": [],
            "flow_timeout_in_minutes": 0,
            "guid": "28e48a09-5945-4547-bed2-c47976f331b3",
            "id": "/subscriptions/9864e02d-72a7-4373-8ddd-f7cf57233f42/resourceGroups/rgcode1/providers/Microsoft.Network/virtualNetworks/codevnet2",
            "location": "eastus",
            "name": "codevnet2",
            "resource_group_name": "rgcode1",
            "subnet": [],
            "tags": null,
            "timeouts": null
          },
          "sensitive_attributes": [],
          "private": "eyJlMmJmYjczMC1lY2FhLTExZTYtOGY4OC0zNDM2M2JjN2M0YzAiOnsiY3JlYXRlIjoxODAwMDAwMDAwMDAwLCJkZWxldGUiOjE4MDAwMDAwMDAwMDAsInJlYWQiOjMwMDAwMDAwMDAwMCwidXBkYXRlIjoxODAwMDAwMDAwMDAwfX0="
        }
      ]
    }
  ],
  "check_results": null
}
