{
  "version": 4,
  "terraform_version": "1.5.7",
  "serial": 6,
  "lineage": "138d4e38-dc7e-29fe-8709-16b6341c694a",
  "outputs": {
    "vm_public_ip": {
      "value": [
        "172.190.135.63"
      ],
      "type": [
        "tuple",
        [
          "string"
        ]
      ]
    }
  },
  "resources": [
    {
      "mode": "data",
      "type": "azurerm_subnet",
      "name": "example-3",
      "provider": "provider[\"registry.terraform.io/hashicorp/azurerm\"]",
      "instances": [
        {
          "schema_version": 0,
          "attributes": {
            "address_prefix": "10.1.2.0/24",
            "address_prefixes": [
              "10.1.2.0/24"
            ],
            "enforce_private_link_endpoint_network_policies": false,
            "enforce_private_link_service_network_policies": false,
            "id": "/subscriptions/9864e02d-72a7-4373-8ddd-f7cf57233f42/resourceGroups/rgcode1/providers/Microsoft.Network/virtualNetworks/codevnet2/subnets/codesubnet4",
            "name": "codesubnet4",
            "network_security_group_id": "",
            "private_endpoint_network_policies_enabled": true,
            "private_link_service_network_policies_enabled": true,
            "resource_group_name": "rgcode1",
            "route_table_id": "",
            "service_endpoints": [],
            "timeouts": null,
            "virtual_network_name": "codevnet2"
          },
          "sensitive_attributes": []
        }
      ]
    },
    {
      "mode": "managed",
      "type": "azurerm_network_interface",
      "name": "linxnic",
      "provider": "provider[\"registry.terraform.io/hashicorp/azurerm\"]",
      "instances": [
        {
          "index_key": "windowsvm1",
          "schema_version": 0,
          "attributes": {
            "applied_dns_servers": [],
            "dns_servers": [],
            "edge_zone": "",
            "enable_accelerated_networking": false,
            "enable_ip_forwarding": false,
            "id": "/subscriptions/9864e02d-72a7-4373-8ddd-f7cf57233f42/resourceGroups/rgcode1/providers/Microsoft.Network/networkInterfaces/win-nic",
            "internal_dns_name_label": "",
            "internal_domain_name_suffix": "bgfoikcflfdulpwsyr2xn2zrwd.bx.internal.cloudapp.net",
            "ip_configuration": [
              {
                "gateway_load_balancer_frontend_ip_configuration_id": "",
                "name": "internal",
                "primary": true,
                "private_ip_address": "10.1.2.4",
                "private_ip_address_allocation": "Dynamic",
                "private_ip_address_version": "IPv4",
                "public_ip_address_id": "/subscriptions/9864e02d-72a7-4373-8ddd-f7cf57233f42/resourceGroups/rgcode1/providers/Microsoft.Network/publicIPAddresses/win-pip",
                "subnet_id": "/subscriptions/9864e02d-72a7-4373-8ddd-f7cf57233f42/resourceGroups/rgcode1/providers/Microsoft.Network/virtualNetworks/codevnet2/subnets/codesubnet4"
              }
            ],
            "location": "eastus",
            "mac_address": "",
            "name": "win-nic",
            "private_ip_address": "10.1.2.4",
            "private_ip_addresses": [
              "10.1.2.4"
            ],
            "resource_group_name": "rgcode1",
            "tags": {},
            "timeouts": null,
            "virtual_machine_id": ""
          },
          "sensitive_attributes": [],
          "private": "eyJlMmJmYjczMC1lY2FhLTExZTYtOGY4OC0zNDM2M2JjN2M0YzAiOnsiY3JlYXRlIjoxODAwMDAwMDAwMDAwLCJkZWxldGUiOjE4MDAwMDAwMDAwMDAsInJlYWQiOjMwMDAwMDAwMDAwMCwidXBkYXRlIjoxODAwMDAwMDAwMDAwfX0=",
          "dependencies": [
            "azurerm_public_ip.pip",
            "data.azurerm_subnet.example-3"
          ]
        }
      ]
    },
    {
      "mode": "managed",
      "type": "azurerm_public_ip",
      "name": "pip",
      "provider": "provider[\"registry.terraform.io/hashicorp/azurerm\"]",
      "instances": [
        {
          "index_key": "windowsvm1",
          "schema_version": 0,
          "attributes": {
            "allocation_method": "Static",
            "ddos_protection_mode": "VirtualNetworkInherited",
            "ddos_protection_plan_id": null,
            "domain_name_label": null,
            "edge_zone": "",
            "fqdn": null,
            "id": "/subscriptions/9864e02d-72a7-4373-8ddd-f7cf57233f42/resourceGroups/rgcode1/providers/Microsoft.Network/publicIPAddresses/win-pip",
            "idle_timeout_in_minutes": 4,
            "ip_address": "172.190.135.63",
            "ip_tags": {},
            "ip_version": "IPv4",
            "location": "eastus",
            "name": "win-pip",
            "public_ip_prefix_id": null,
            "resource_group_name": "rgcode1",
            "reverse_fqdn": null,
            "sku": "Basic",
            "sku_tier": "Regional",
            "tags": {},
            "timeouts": null,
            "zones": []
          },
          "sensitive_attributes": [],
          "private": "eyJlMmJmYjczMC1lY2FhLTExZTYtOGY4OC0zNDM2M2JjN2M0YzAiOnsiY3JlYXRlIjoxODAwMDAwMDAwMDAwLCJkZWxldGUiOjE4MDAwMDAwMDAwMDAsInJlYWQiOjMwMDAwMDAwMDAwMCwidXBkYXRlIjoxODAwMDAwMDAwMDAwfX0="
        }
      ]
    }
  ],
  "check_results": null
}
